
Microsoft Visual Studio Solution File, Format Version 12.00
# Visual Studio 15
VisualStudioVersion = 15.0.27428.2015
MinimumVisualStudioVersion = 10.0.40219.1
Project("{FAE04EC0-301F-11D3-BF4B-00C04F79EFBC}") = "ConsoleApp3", "ConsoleApp3\ConsoleApp3.csproj", "{576CDF7E-7C01-48AF-970B-366C56A03636}"
EndProject
Global
	GlobalSection(SolutionConfigurationPlatforms) = preSolution
		Debug|Any CPU = Debug|Any CPU
		Release|Any CPU = Release|Any CPU
	EndGlobalSection
	GlobalSection(ProjectConfigurationPlatforms) = postSolution
		{576CDF7E-7C01-48AF-970B-366C56A03636}.Debug|Any CPU.ActiveCfg = Debug|Any CPU
		{576CDF7E-7C01-48AF-970B-366C56A03636}.Debug|Any CPU.Build.0 = Debug|Any CPU
		{576CDF7E-7C01-48AF-970B-366C56A03636}.Release|Any CPU.ActiveCfg = Release|Any CPU
		{576CDF7E-7C01-48AF-970B-366C56A03636}.Release|Any CPU.Build.0 = Release|Any CPU
	EndGlobalSection
	GlobalSection(SolutionProperties) = preSolution
		HideSolutionNode = FALSE
	EndGlobalSection
	GlobalSection(ExtensibilityGlobals) = postSolution
		SolutionGuid = {37AD3ED5-4415-4C4B-AFED-299D64EB5EAF}
	EndGlobalSection
EndGlobal
